
Microsoft Visual Studio Solution File, Format Version 12.00
# Visual Studio Version 17
VisualStudioVersion = 17.8.34330.188
MinimumVisualStudioVersion = 10.0.40219.1
Project("{9A19103F-16F7-4668-BE54-9A1E7A4F7556}") = "Telecom.Api", "Telecom.Api\Telecom.Api.csproj", "{31CD82D6-82D5-4C2B-AD88-775B5028E4C2}"
EndProject
Project("{9A19103F-16F7-4668-BE54-9A1E7A4F7556}") = "Telecom.Application", "Telecom.Application\Telecom.Application.csproj", "{4B0F8C11-7794-4436-9065-01FA6E3F218D}"
EndProject
Project("{9A19103F-16F7-4668-BE54-9A1E7A4F7556}") = "Telecom.Domain", "Telecom.Domain\Telecom.Domain.csproj", "{888DF988-A16A-463D-A50D-9A08E1493542}"
EndProject
Project("{9A19103F-16F7-4668-BE54-9A1E7A4F7556}") = "Telecom.Infrastructure", "Telecom.Infrastructure\Telecom.Infrastructure.csproj", "{3D468031-3B96-4363-8690-79C3645324FA}"
EndProject
Project("{2150E333-8FDC-42A3-9474-1A3956D46DE8}") = "Tests", "Tests", "{E9F2E50A-A643-4E58-9912-DE63F028C16F}"
EndProject
Project("{9A19103F-16F7-4668-BE54-9A1E7A4F7556}") = "TelecomApps.Tests", "TelecomApps.Tests\TelecomApps.Tests.csproj", "{4FED39D6-DDFA-43A1-AA38-95E629D40D03}"
EndProject
Global
	GlobalSection(SolutionConfigurationPlatforms) = preSolution
		Debug|Any CPU = Debug|Any CPU
		Release|Any CPU = Release|Any CPU
	EndGlobalSection
	GlobalSection(ProjectConfigurationPlatforms) = postSolution
		{31CD82D6-82D5-4C2B-AD88-775B5028E4C2}.Debug|Any CPU.ActiveCfg = Debug|Any CPU
		{31CD82D6-82D5-4C2B-AD88-775B5028E4C2}.Debug|Any CPU.Build.0 = Debug|Any CPU
		{31CD82D6-82D5-4C2B-AD88-775B5028E4C2}.Release|Any CPU.ActiveCfg = Release|Any CPU
		{31CD82D6-82D5-4C2B-AD88-775B5028E4C2}.Release|Any CPU.Build.0 = Release|Any CPU
		{4B0F8C11-7794-4436-9065-01FA6E3F218D}.Debug|Any CPU.ActiveCfg = Debug|Any CPU
		{4B0F8C11-7794-4436-9065-01FA6E3F218D}.Debug|Any CPU.Build.0 = Debug|Any CPU
		{4B0F8C11-7794-4436-9065-01FA6E3F218D}.Release|Any CPU.ActiveCfg = Release|Any CPU
		{4B0F8C11-7794-4436-9065-01FA6E3F218D}.Release|Any CPU.Build.0 = Release|Any CPU
		{888DF988-A16A-463D-A50D-9A08E1493542}.Debug|Any CPU.ActiveCfg = Debug|Any CPU
		{888DF988-A16A-463D-A50D-9A08E1493542}.Debug|Any CPU.Build.0 = Debug|Any CPU
		{888DF988-A16A-463D-A50D-9A08E1493542}.Release|Any CPU.ActiveCfg = Release|Any CPU
		{888DF988-A16A-463D-A50D-9A08E1493542}.Release|Any CPU.Build.0 = Release|Any CPU
		{3D468031-3B96-4363-8690-79C3645324FA}.Debug|Any CPU.ActiveCfg = Debug|Any CPU
		{3D468031-3B96-4363-8690-79C3645324FA}.Debug|Any CPU.Build.0 = Debug|Any CPU
		{3D468031-3B96-4363-8690-79C3645324FA}.Release|Any CPU.ActiveCfg = Release|Any CPU
		{3D468031-3B96-4363-8690-79C3645324FA}.Release|Any CPU.Build.0 = Release|Any CPU
		{4FED39D6-DDFA-43A1-AA38-95E629D40D03}.Debug|Any CPU.ActiveCfg = Debug|Any CPU
		{4FED39D6-DDFA-43A1-AA38-95E629D40D03}.Debug|Any CPU.Build.0 = Debug|Any CPU
		{4FED39D6-DDFA-43A1-AA38-95E629D40D03}.Release|Any CPU.ActiveCfg = Release|Any CPU
		{4FED39D6-DDFA-43A1-AA38-95E629D40D03}.Release|Any CPU.Build.0 = Release|Any CPU
	EndGlobalSection
	GlobalSection(SolutionProperties) = preSolution
		HideSolutionNode = FALSE
	EndGlobalSection
	GlobalSection(NestedProjects) = preSolution
		{4FED39D6-DDFA-43A1-AA38-95E629D40D03} = {E9F2E50A-A643-4E58-9912-DE63F028C16F}
	EndGlobalSection
	GlobalSection(ExtensibilityGlobals) = postSolution
		SolutionGuid = {06A68BD8-E0AB-414F-BC21-D9CEA0A00B72}
	EndGlobalSection
EndGlobal
